// !$*UTF8*$!
{
	archiveVersion = 1;
	classes = {
	};
	objectVersion = 77;
	objects = {

/* Begin PBXBuildFile section */
		D6B935B92D77694F00CC86CA /* FirebaseAnalytics in Frameworks */ = {isa = PBXBuildFile; productRef = D6B935B82D77694F00CC86CA /* FirebaseAnalytics */; };
		D6B935BB2D77694F00CC86CA /* FirebaseAnalyticsOnDeviceConversion in Frameworks */ = {isa = PBXBuildFile; productRef = D6B935BA2D77694F00CC86CA /* FirebaseAnalyticsOnDeviceConversion */; };
		D6B935BD2D77694F00CC86CA /* FirebaseAnalyticsWithoutAdIdSupport in Frameworks */ = {isa = PBXBuildFile; productRef = D6B935BC2D77694F00CC86CA /* FirebaseAnalyticsWithoutAdIdSupport */; };
		D6B935BF2D77694F00CC86CA /* FirebaseAppCheck in Frameworks */ = {isa = PBXBuildFile; productRef = D6B935BE2D77694F00CC86CA /* FirebaseAppCheck */; };
		D6B935C12D77694F00CC86CA /* FirebaseAppDistribution-Beta in Frameworks */ = {isa = PBXBuildFile; productRef = D6B935C02D77694F00CC86CA /* FirebaseAppDistribution-Beta */; };
		D6B935C32D77694F00CC86CA /* FirebaseAuth in Frameworks */ = {isa = PBXBuildFile; productRef = D6B935C22D77694F00CC86CA /* FirebaseAuth */; };
		D6B935C52D77694F00CC86CA /* FirebaseAuthCombine-Community in Frameworks */ = {isa = PBXBuildFile; productRef = D6B935C42D77694F00CC86CA /* FirebaseAuthCombine-Community */; };
		D6B935C72D77694F00CC86CA /* FirebaseCore in Frameworks */ = {isa = PBXBuildFile; productRef = D6B935C62D77694F00CC86CA /* FirebaseCore */; };
		D6B935C92D77694F00CC86CA /* FirebaseCrashlytics in Frameworks */ = {isa = PBXBuildFile; productRef = D6B935C82D77694F00CC86CA /* FirebaseCrashlytics */; };
		D6B935CB2D77694F00CC86CA /* FirebaseDatabase in Frameworks */ = {isa = PBXBuildFile; productRef = D6B935CA2D77694F00CC86CA /* FirebaseDatabase */; };
		D6B935CD2D77694F00CC86CA /* FirebaseDynamicLinks in Frameworks */ = {isa = PBXBuildFile; productRef = D6B935CC2D77694F00CC86CA /* FirebaseDynamicLinks */; };
		D6B935CF2D77694F00CC86CA /* FirebaseFirestore in Frameworks */ = {isa = PBXBuildFile; productRef = D6B935CE2D77694F00CC86CA /* FirebaseFirestore */; };
		D6B935D12D77694F00CC86CA /* FirebaseFirestoreCombine-Community in Frameworks */ = {isa = PBXBuildFile; productRef = D6B935D02D77694F00CC86CA /* FirebaseFirestoreCombine-Community */; };
		D6B935D32D77694F00CC86CA /* FirebaseFunctions in Frameworks */ = {isa = PBXBuildFile; productRef = D6B935D22D77694F00CC86CA /* FirebaseFunctions */; };
		D6B935D52D77694F00CC86CA /* FirebaseFunctionsCombine-Community in Frameworks */ = {isa = PBXBuildFile; productRef = D6B935D42D77694F00CC86CA /* FirebaseFunctionsCombine-Community */; };
		D6B935D72D77694F00CC86CA /* FirebaseInAppMessaging-Beta in Frameworks */ = {isa = PBXBuildFile; productRef = D6B935D62D77694F00CC86CA /* FirebaseInAppMessaging-Beta */; };
		D6B935D92D77694F00CC86CA /* FirebaseInstallations in Frameworks */ = {isa = PBXBuildFile; productRef = D6B935D82D77694F00CC86CA /* FirebaseInstallations */; };
		D6B935DB2D77694F00CC86CA /* FirebaseMLModelDownloader in Frameworks */ = {isa = PBXBuildFile; productRef = D6B935DA2D77694F00CC86CA /* FirebaseMLModelDownloader */; };
		D6B935DD2D77694F00CC86CA /* FirebaseMessaging in Frameworks */ = {isa = PBXBuildFile; productRef = D6B935DC2D77694F00CC86CA /* FirebaseMessaging */; };
		D6B935DF2D77694F00CC86CA /* FirebasePerformance in Frameworks */ = {isa = PBXBuildFile; productRef = D6B935DE2D77694F00CC86CA /* FirebasePerformance */; };
		D6B935E12D77694F00CC86CA /* FirebaseRemoteConfig in Frameworks */ = {isa = PBXBuildFile; productRef = D6B935E02D77694F00CC86CA /* FirebaseRemoteConfig */; };
		D6B935E32D77694F00CC86CA /* FirebaseStorage in Frameworks */ = {isa = PBXBuildFile; productRef = D6B935E22D77694F00CC86CA /* FirebaseStorage */; };
		D6B935E52D77694F00CC86CA /* FirebaseStorageCombine-Community in Frameworks */ = {isa = PBXBuildFile; productRef = D6B935E42D77694F00CC86CA /* FirebaseStorageCombine-Community */; };
		D6B935E72D77694F00CC86CA /* FirebaseVertexAI in Frameworks */ = {isa = PBXBuildFile; productRef = D6B935E62D77694F00CC86CA /* FirebaseVertexAI */; };
		D6B935EA2D7769F600CC86CA /* GoogleSignIn in Frameworks */ = {isa = PBXBuildFile; productRef = D6B935E92D7769F600CC86CA /* GoogleSignIn */; };
		D6B935EC2D7769F600CC86CA /* GoogleSignInSwift in Frameworks */ = {isa = PBXBuildFile; productRef = D6B935EB2D7769F600CC86CA /* GoogleSignInSwift */; };
/* End PBXBuildFile section */

/* Begin PBXContainerItemProxy section */
		D691CBCA2D72F7230042249E /* PBXContainerItemProxy */ = {
			isa = PBXContainerItemProxy;
			containerPortal = D691CBAD2D72F7200042249E /* Project object */;
			proxyType = 1;
			remoteGlobalIDString = D691CBB42D72F7210042249E;
			remoteInfo = BurnoutTracker;
		};
		D691CBD42D72F7230042249E /* PBXContainerItemProxy */ = {
			isa = PBXContainerItemProxy;
			containerPortal = D691CBAD2D72F7200042249E /* Project object */;
			proxyType = 1;
			remoteGlobalIDString = D691CBB42D72F7210042249E;
			remoteInfo = BurnoutTracker;
		};
/* End PBXContainerItemProxy section */

/* Begin PBXFileReference section */
		D691CBB52D72F7210042249E /* BurnoutTracker.app */ = {isa = PBXFileReference; explicitFileType = wrapper.application; includeInIndex = 0; path = BurnoutTracker.app; sourceTree = BUILT_PRODUCTS_DIR; };
		D691CBC92D72F7230042249E /* BurnoutTrackerTests.xctest */ = {isa = PBXFileReference; explicitFileType = wrapper.cfbundle; includeInIndex = 0; path = BurnoutTrackerTests.xctest; sourceTree = BUILT_PRODUCTS_DIR; };
		D691CBD32D72F7230042249E /* BurnoutTrackerUITests.xctest */ = {isa = PBXFileReference; explicitFileType = wrapper.cfbundle; includeInIndex = 0; path = BurnoutTrackerUITests.xctest; sourceTree = BUILT_PRODUCTS_DIR; };
/* End PBXFileReference section */

/* Begin PBXFileSystemSynchronizedBuildFileExceptionSet section */
		D691CBDB2D72F7230042249E /* Exceptions for "BurnoutTracker" folder in "BurnoutTracker" target */ = {
			isa = PBXFileSystemSynchronizedBuildFileExceptionSet;
			membershipExceptions = (
				Info.plist,
			);
			target = D691CBB42D72F7210042249E /* BurnoutTracker */;
		};
/* End PBXFileSystemSynchronizedBuildFileExceptionSet section */

/* Begin PBXFileSystemSynchronizedRootGroup section */
		D691CBB72D72F7210042249E /* BurnoutTracker */ = {
			isa = PBXFileSystemSynchronizedRootGroup;
			exceptions = (
				D691CBDB2D72F7230042249E /* Exceptions for "BurnoutTracker" folder in "BurnoutTracker" target */,
			);
			path = BurnoutTracker;
			sourceTree = "<group>";
		};
		D691CBCC2D72F7230042249E /* BurnoutTrackerTests */ = {
			isa = PBXFileSystemSynchronizedRootGroup;
			path = BurnoutTrackerTests;
			sourceTree = "<group>";
		};
		D691CBD62D72F7230042249E /* BurnoutTrackerUITests */ = {
			isa = PBXFileSystemSynchronizedRootGroup;
			path = BurnoutTrackerUITests;
			sourceTree = "<group>";
		};
/* End PBXFileSystemSynchronizedRootGroup section */

/* Begin PBXFrameworksBuildPhase section */
		D691CBB22D72F7210042249E /* Frameworks */ = {
			isa = PBXFrameworksBuildPhase;
			buildActionMask = 2147483647;
			files = (
				D6B935D12D77694F00CC86CA /* FirebaseFirestoreCombine-Community in Frameworks */,
				D6B935E72D77694F00CC86CA /* FirebaseVertexAI in Frameworks */,
				D6B935D32D77694F00CC86CA /* FirebaseFunctions in Frameworks */,
				D6B935DF2D77694F00CC86CA /* FirebasePerformance in Frameworks */,
				D6B935E52D77694F00CC86CA /* FirebaseStorageCombine-Community in Frameworks */,
				D6B935EC2D7769F600CC86CA /* GoogleSignInSwift in Frameworks */,
				D6B935E12D77694F00CC86CA /* FirebaseRemoteConfig in Frameworks */,
				D6B935CB2D77694F00CC86CA /* FirebaseDatabase in Frameworks */,
				D6B935CD2D77694F00CC86CA /* FirebaseDynamicLinks in Frameworks */,
				D6B935BF2D77694F00CC86CA /* FirebaseAppCheck in Frameworks */,
				D6B935C32D77694F00CC86CA /* FirebaseAuth in Frameworks */,
				D6B935B92D77694F00CC86CA /* FirebaseAnalytics in Frameworks */,
				D6B935CF2D77694F00CC86CA /* FirebaseFirestore in Frameworks */,
				D6B935DD2D77694F00CC86CA /* FirebaseMessaging in Frameworks */,
				D6B935D92D77694F00CC86CA /* FirebaseInstallations in Frameworks */,
				D6B935D52D77694F00CC86CA /* FirebaseFunctionsCombine-Community in Frameworks */,
				D6B935EA2D7769F600CC86CA /* GoogleSignIn in Frameworks */,
				D6B935C12D77694F00CC86CA /* FirebaseAppDistribution-Beta in Frameworks */,
				D6B935BD2D77694F00CC86CA /* FirebaseAnalyticsWithoutAdIdSupport in Frameworks */,
				D6B935D72D77694F00CC86CA /* FirebaseInAppMessaging-Beta in Frameworks */,
				D6B935C52D77694F00CC86CA /* FirebaseAuthCombine-Community in Frameworks */,
				D6B935C92D77694F00CC86CA /* FirebaseCrashlytics in Frameworks */,
				D6B935DB2D77694F00CC86CA /* FirebaseMLModelDownloader in Frameworks */,
				D6B935E32D77694F00CC86CA /* FirebaseStorage in Frameworks */,
				D6B935C72D77694F00CC86CA /* FirebaseCore in Frameworks */,
				D6B935BB2D77694F00CC86CA /* FirebaseAnalyticsOnDeviceConversion in Frameworks */,
			);
			runOnlyForDeploymentPostprocessing = 0;
		};
		D691CBC62D72F7230042249E /* Frameworks */ = {
			isa = PBXFrameworksBuildPhase;
			buildActionMask = 2147483647;
			files = (
			);
			runOnlyForDeploymentPostprocessing = 0;
		};
		D691CBD02D72F7230042249E /* Frameworks */ = {
			isa = PBXFrameworksBuildPhase;
			buildActionMask = 2147483647;
			files = (
			);
			runOnlyForDeploymentPostprocessing = 0;
		};
/* End PBXFrameworksBuildPhase section */

/* Begin PBXGroup section */
		D691CBAC2D72F7200042249E = {
			isa = PBXGroup;
			children = (
				D691CBB72D72F7210042249E /* BurnoutTracker */,
				D691CBCC2D72F7230042249E /* BurnoutTrackerTests */,
				D691CBD62D72F7230042249E /* BurnoutTrackerUITests */,
				D691CBB62D72F7210042249E /* Products */,
			);
			sourceTree = "<group>";
		};
		D691CBB62D72F7210042249E /* Products */ = {
			isa = PBXGroup;
			children = (
				D691CBB52D72F7210042249E /* BurnoutTracker.app */,
				D691CBC92D72F7230042249E /* BurnoutTrackerTests.xctest */,
				D691CBD32D72F7230042249E /* BurnoutTrackerUITests.xctest */,
			);
			name = Products;
			sourceTree = "<group>";
		};
/* End PBXGroup section */

/* Begin PBXNativeTarget section */
		D691CBB42D72F7210042249E /* BurnoutTracker */ = {
			isa = PBXNativeTarget;
			buildConfigurationList = D691CBDC2D72F7230042249E /* Build configuration list for PBXNativeTarget "BurnoutTracker" */;
			buildPhases = (
				D691CBB12D72F7210042249E /* Sources */,
				D691CBB22D72F7210042249E /* Frameworks */,
				D691CBB32D72F7210042249E /* Resources */,
			);
			buildRules = (
			);
			dependencies = (
			);
			fileSystemSynchronizedGroups = (
				D691CBB72D72F7210042249E /* BurnoutTracker */,
			);
			name = BurnoutTracker;
			packageProductDependencies = (
				D6B935B82D77694F00CC86CA /* FirebaseAnalytics */,
				D6B935BA2D77694F00CC86CA /* FirebaseAnalyticsOnDeviceConversion */,
				D6B935BC2D77694F00CC86CA /* FirebaseAnalyticsWithoutAdIdSupport */,
				D6B935BE2D77694F00CC86CA /* FirebaseAppCheck */,
				D6B935C02D77694F00CC86CA /* FirebaseAppDistribution-Beta */,
				D6B935C22D77694F00CC86CA /* FirebaseAuth */,
				D6B935C42D77694F00CC86CA /* FirebaseAuthCombine-Community */,
				D6B935C62D77694F00CC86CA /* FirebaseCore */,
				D6B935C82D77694F00CC86CA /* FirebaseCrashlytics */,
				D6B935CA2D77694F00CC86CA /* FirebaseDatabase */,
				D6B935CC2D77694F00CC86CA /* FirebaseDynamicLinks */,
				D6B935CE2D77694F00CC86CA /* FirebaseFirestore */,
				D6B935D02D77694F00CC86CA /* FirebaseFirestoreCombine-Community */,
				D6B935D22D77694F00CC86CA /* FirebaseFunctions */,
				D6B935D42D77694F00CC86CA /* FirebaseFunctionsCombine-Community */,
				D6B935D62D77694F00CC86CA /* FirebaseInAppMessaging-Beta */,
				D6B935D82D77694F00CC86CA /* FirebaseInstallations */,
				D6B935DA2D77694F00CC86CA /* FirebaseMLModelDownloader */,
				D6B935DC2D77694F00CC86CA /* FirebaseMessaging */,
				D6B935DE2D77694F00CC86CA /* FirebasePerformance */,
				D6B935E02D77694F00CC86CA /* FirebaseRemoteConfig */,
				D6B935E22D77694F00CC86CA /* FirebaseStorage */,
				D6B935E42D77694F00CC86CA /* FirebaseStorageCombine-Community */,
				D6B935E62D77694F00CC86CA /* FirebaseVertexAI */,
				D6B935E92D7769F600CC86CA /* GoogleSignIn */,
				D6B935EB2D7769F600CC86CA /* GoogleSignInSwift */,
			);
			productName = BurnoutTracker;
			productReference = D691CBB52D72F7210042249E /* BurnoutTracker.app */;
			productType = "com.apple.product-type.application";
		};
		D691CBC82D72F7230042249E /* BurnoutTrackerTests */ = {
			isa = PBXNativeTarget;
			buildConfigurationList = D691CBE12D72F7230042249E /* Build configuration list for PBXNativeTarget "BurnoutTrackerTests" */;
			buildPhases = (
				D691CBC52D72F7230042249E /* Sources */,
				D691CBC62D72F7230042249E /* Frameworks */,
				D691CBC72D72F7230042249E /* Resources */,
			);
			buildRules = (
			);
			dependencies = (
				D691CBCB2D72F7230042249E /* PBXTargetDependency */,
			);
			fileSystemSynchronizedGroups = (
				D691CBCC2D72F7230042249E /* BurnoutTrackerTests */,
			);
			name = BurnoutTrackerTests;
			packageProductDependencies = (
			);
			productName = BurnoutTrackerTests;
			productReference = D691CBC92D72F7230042249E /* BurnoutTrackerTests.xctest */;
			productType = "com.apple.product-type.bundle.unit-test";
		};
		D691CBD22D72F7230042249E /* BurnoutTrackerUITests */ = {
			isa = PBXNativeTarget;
			buildConfigurationList = D691CBE42D72F7230042249E /* Build configuration list for PBXNativeTarget "BurnoutTrackerUITests" */;
			buildPhases = (
				D691CBCF2D72F7230042249E /* Sources */,
				D691CBD02D72F7230042249E /* Frameworks */,
				D691CBD12D72F7230042249E /* Resources */,
			);
			buildRules = (
			);
			dependencies = (
				D691CBD52D72F7230042249E /* PBXTargetDependency */,
			);
			fileSystemSynchronizedGroups = (
				D691CBD62D72F7230042249E /* BurnoutTrackerUITests */,
			);
			name = BurnoutTrackerUITests;
			packageProductDependencies = (
			);
			productName = BurnoutTrackerUITests;
			productReference = D691CBD32D72F7230042249E /* BurnoutTrackerUITests.xctest */;
			productType = "com.apple.product-type.bundle.ui-testing";
		};
/* End PBXNativeTarget section */

/* Begin PBXProject section */
		D691CBAD2D72F7200042249E /* Project object */ = {
			isa = PBXProject;
			attributes = {
				BuildIndependentTargetsInParallel = 1;
				LastSwiftUpdateCheck = 1620;
				LastUpgradeCheck = 1620;
				TargetAttributes = {
					D691CBB42D72F7210042249E = {
						CreatedOnToolsVersion = 16.2;
					};
					D691CBC82D72F7230042249E = {
						CreatedOnToolsVersion = 16.2;
						TestTargetID = D691CBB42D72F7210042249E;
					};
					D691CBD22D72F7230042249E = {
						CreatedOnToolsVersion = 16.2;
						TestTargetID = D691CBB42D72F7210042249E;
					};
				};
			};
			buildConfigurationList = D691CBB02D72F7200042249E /* Build configuration list for PBXProject "BurnoutTracker" */;
			developmentRegion = en;
			hasScannedForEncodings = 0;
			knownRegions = (
				en,
				Base,
			);
			mainGroup = D691CBAC2D72F7200042249E;
			minimizedProjectReferenceProxies = 1;
			packageReferences = (
				D6B935B72D77694F00CC86CA /* XCRemoteSwiftPackageReference "firebase-ios-sdk" */,
				D6B935E82D7769F600CC86CA /* XCRemoteSwiftPackageReference "GoogleSignIn-iOS" */,
			);
			preferredProjectObjectVersion = 77;
			productRefGroup = D691CBB62D72F7210042249E /* Products */;
			projectDirPath = "";
			projectRoot = "";
			targets = (
				D691CBB42D72F7210042249E /* BurnoutTracker */,
				D691CBC82D72F7230042249E /* BurnoutTrackerTests */,
				D691CBD22D72F7230042249E /* BurnoutTrackerUITests */,
			);
		};
/* End PBXProject section */

/* Begin PBXResourcesBuildPhase section */
		D691CBB32D72F7210042249E /* Resources */ = {
			isa = PBXResourcesBuildPhase;
			buildActionMask = 2147483647;
			files = (
			);
			runOnlyForDeploymentPostprocessing = 0;
		};
		D691CBC72D72F7230042249E /* Resources */ = {
			isa = PBXResourcesBuildPhase;
			buildActionMask = 2147483647;
			files = (
			);
			runOnlyForDeploymentPostprocessing = 0;
		};
		D691CBD12D72F7230042249E /* Resources */ = {
			isa = PBXResourcesBuildPhase;
			buildActionMask = 2147483647;
			files = (
			);
			runOnlyForDeploymentPostprocessing = 0;
		};
/* End PBXResourcesBuildPhase section */

/* Begin PBXSourcesBuildPhase section */
		D691CBB12D72F7210042249E /* Sources */ = {
			isa = PBXSourcesBuildPhase;
			buildActionMask = 2147483647;
			files = (
			);
			runOnlyForDeploymentPostprocessing = 0;
		};
		D691CBC52D72F7230042249E /* Sources */ = {
			isa = PBXSourcesBuildPhase;
			buildActionMask = 2147483647;
			files = (
			);
			runOnlyForDeploymentPostprocessing = 0;
		};
		D691CBCF2D72F7230042249E /* Sources */ = {
			isa = PBXSourcesBuildPhase;
			buildActionMask = 2147483647;
			files = (
			);
			runOnlyForDeploymentPostprocessing = 0;
		};
/* End PBXSourcesBuildPhase section */

/* Begin PBXTargetDependency section */
		D691CBCB2D72F7230042249E /* PBXTargetDependency */ = {
			isa = PBXTargetDependency;
			target = D691CBB42D72F7210042249E /* BurnoutTracker */;
			targetProxy = D691CBCA2D72F7230042249E /* PBXContainerItemProxy */;
		};
		D691CBD52D72F7230042249E /* PBXTargetDependency */ = {
			isa = PBXTargetDependency;
			target = D691CBB42D72F7210042249E /* BurnoutTracker */;
			targetProxy = D691CBD42D72F7230042249E /* PBXContainerItemProxy */;
		};
/* End PBXTargetDependency section */

/* Begin XCBuildConfiguration section */
		D691CBDD2D72F7230042249E /* Debug */ = {
			isa = XCBuildConfiguration;
			buildSettings = {
				ASSETCATALOG_COMPILER_APPICON_NAME = AppIcon;
				ASSETCATALOG_COMPILER_GLOBAL_ACCENT_COLOR_NAME = AccentColor;
				CODE_SIGN_ENTITLEMENTS = BurnoutTracker/BurnoutTracker.entitlements;
				CODE_SIGN_STYLE = Automatic;
				CURRENT_PROJECT_VERSION = 1;
				DEVELOPMENT_ASSET_PATHS = "\"BurnoutTracker/Preview Content\"";
				DEVELOPMENT_TEAM = LP4RK49QLK;
				ENABLE_PREVIEWS = YES;
				GENERATE_INFOPLIST_FILE = YES;
				INFOPLIST_FILE = BurnoutTracker/Info.plist;
				INFOPLIST_KEY_NSHealthShareUsageDescription = "This app requires access to your health data for insights.";
				INFOPLIST_KEY_NSHealthUpdateUsageDescription = "This app needs to update your health data.";
				INFOPLIST_KEY_UIApplicationSceneManifest_Generation = YES;
				INFOPLIST_KEY_UIApplicationSupportsIndirectInputEvents = YES;
				INFOPLIST_KEY_UILaunchScreen_Generation = YES;
				INFOPLIST_KEY_UISupportedInterfaceOrientations_iPad = "UIInterfaceOrientationPortrait UIInterfaceOrientationPortraitUpsideDown UIInterfaceOrientationLandscapeLeft UIInterfaceOrientationLandscapeRight";
				INFOPLIST_KEY_UISupportedInterfaceOrientations_iPhone = "UIInterfaceOrientationPortrait UIInterfaceOrientationLandscapeLeft UIInterfaceOrientationLandscapeRight";
				LD_RUNPATH_SEARCH_PATHS = (
					"$(inherited)",
					"@executable_path/Frameworks",
				);
				MARKETING_VERSION = 1.0;
				PRODUCT_BUNDLE_IDENTIFIER = yashkatyan.BurnoutTracker;
				PRODUCT_NAME = "$(TARGET_NAME)";
				SWIFT_EMIT_LOC_STRINGS = YES;
				SWIFT_VERSION = 5.0;
				TARGETED_DEVICE_FAMILY = "1,2";
			};
			name = Debug;
		};
		D691CBDE2D72F7230042249E /* Release */ = {
			isa = XCBuildConfiguration;
			buildSettings = {
				ASSETCATALOG_COMPILER_APPICON_NAME = AppIcon;
				ASSETCATALOG_COMPILER_GLOBAL_ACCENT_COLOR_NAME = AccentColor;
				CODE_SIGN_ENTITLEMENTS = BurnoutTracker/BurnoutTracker.entitlements;
				CODE_SIGN_STYLE = Automatic;
				CURRENT_PROJECT_VERSION = 1;
				DEVELOPMENT_ASSET_PATHS = "\"BurnoutTracker/Preview Content\"";
				DEVELOPMENT_TEAM = LP4RK49QLK;
				ENABLE_PREVIEWS = YES;
				GENERATE_INFOPLIST_FILE = YES;
				INFOPLIST_FILE = BurnoutTracker/Info.plist;
				INFOPLIST_KEY_NSHealthShareUsageDescription = "This app requires access to your health data for insights.";
				INFOPLIST_KEY_NSHealthUpdateUsageDescription = "This app needs to update your health data.";
				INFOPLIST_KEY_UIApplicationSceneManifest_Generation = YES;
				INFOPLIST_KEY_UIApplicationSupportsIndirectInputEvents = YES;
				INFOPLIST_KEY_UILaunchScreen_Generation = YES;
				INFOPLIST_KEY_UISupportedInterfaceOrientations_iPad = "UIInterfaceOrientationPortrait UIInterfaceOrientationPortraitUpsideDown UIInterfaceOrientationLandscapeLeft UIInterfaceOrientationLandscapeRight";
				INFOPLIST_KEY_UISupportedInterfaceOrientations_iPhone = "UIInterfaceOrientationPortrait UIInterfaceOrientationLandscapeLeft UIInterfaceOrientationLandscapeRight";
				LD_RUNPATH_SEARCH_PATHS = (
					"$(inherited)",
					"@executable_path/Frameworks",
				);
				MARKETING_VERSION = 1.0;
				PRODUCT_BUNDLE_IDENTIFIER = yashkatyan.BurnoutTracker;
				PRODUCT_NAME = "$(TARGET_NAME)";
				SWIFT_EMIT_LOC_STRINGS = YES;
				SWIFT_VERSION = 5.0;
				TARGETED_DEVICE_FAMILY = "1,2";
			};
			name = Release;
		};
		D691CBDF2D72F7230042249E /* Debug */ = {
			isa = XCBuildConfiguration;
			buildSettings = {
				ALWAYS_SEARCH_USER_PATHS = NO;
				ASSETCATALOG_COMPILER_GENERATE_SWIFT_ASSET_SYMBOL_EXTENSIONS = YES;
				CLANG_ANALYZER_NONNULL = YES;
				CLANG_ANALYZER_NUMBER_OBJECT_CONVERSION = YES_AGGRESSIVE;
				CLANG_CXX_LANGUAGE_STANDARD = "gnu++20";
				CLANG_ENABLE_MODULES = YES;
				CLANG_ENABLE_OBJC_ARC = YES;
				CLANG_ENABLE_OBJC_WEAK = YES;
				CLANG_WARN_BLOCK_CAPTURE_AUTORELEASING = YES;
				CLANG_WARN_BOOL_CONVERSION = YES;
				CLANG_WARN_COMMA = YES;
				CLANG_WARN_CONSTANT_CONVERSION = YES;
				CLANG_WARN_DEPRECATED_OBJC_IMPLEMENTATIONS = YES;
				CLANG_WARN_DIRECT_OBJC_ISA_USAGE = YES_ERROR;
				CLANG_WARN_DOCUMENTATION_COMMENTS = YES;
				CLANG_WARN_EMPTY_BODY = YES;
				CLANG_WARN_ENUM_CONVERSION = YES;
				CLANG_WARN_INFINITE_RECURSION = YES;
				CLANG_WARN_INT_CONVERSION = YES;
				CLANG_WARN_NON_LITERAL_NULL_CONVERSION = YES;
				CLANG_WARN_OBJC_IMPLICIT_RETAIN_SELF = YES;
				CLANG_WARN_OBJC_LITERAL_CONVERSION = YES;
				CLANG_WARN_OBJC_ROOT_CLASS = YES_ERROR;
				CLANG_WARN_QUOTED_INCLUDE_IN_FRAMEWORK_HEADER = YES;
				CLANG_WARN_RANGE_LOOP_ANALYSIS = YES;
				CLANG_WARN_STRICT_PROTOTYPES = YES;
				CLANG_WARN_SUSPICIOUS_MOVE = YES;
				CLANG_WARN_UNGUARDED_AVAILABILITY = YES_AGGRESSIVE;
				CLANG_WARN_UNREACHABLE_CODE = YES;
				CLANG_WARN__DUPLICATE_METHOD_MATCH = YES;
				COPY_PHASE_STRIP = NO;
				DEBUG_INFORMATION_FORMAT = dwarf;
				ENABLE_STRICT_OBJC_MSGSEND = YES;
				ENABLE_TESTABILITY = YES;
				ENABLE_USER_SCRIPT_SANDBOXING = YES;
				GCC_C_LANGUAGE_STANDARD = gnu17;
				GCC_DYNAMIC_NO_PIC = NO;
				GCC_NO_COMMON_BLOCKS = YES;
				GCC_OPTIMIZATION_LEVEL = 0;
				GCC_PREPROCESSOR_DEFINITIONS = (
					"DEBUG=1",
					"$(inherited)",
				);
				GCC_WARN_64_TO_32_BIT_CONVERSION = YES;
				GCC_WARN_ABOUT_RETURN_TYPE = YES_ERROR;
				GCC_WARN_UNDECLARED_SELECTOR = YES;
				GCC_WARN_UNINITIALIZED_AUTOS = YES_AGGRESSIVE;
				GCC_WARN_UNUSED_FUNCTION = YES;
				GCC_WARN_UNUSED_VARIABLE = YES;
				IPHONEOS_DEPLOYMENT_TARGET = 18.2;
				LOCALIZATION_PREFERS_STRING_CATALOGS = YES;
				MTL_ENABLE_DEBUG_INFO = INCLUDE_SOURCE;
				MTL_FAST_MATH = YES;
				ONLY_ACTIVE_ARCH = YES;
				SDKROOT = iphoneos;
				SWIFT_ACTIVE_COMPILATION_CONDITIONS = "DEBUG $(inherited)";
				SWIFT_OPTIMIZATION_LEVEL = "-Onone";
			};
			name = Debug;
		};
		D691CBE02D72F7230042249E /* Release */ = {
			isa = XCBuildConfiguration;
			buildSettings = {
				ALWAYS_SEARCH_USER_PATHS = NO;
				ASSETCATALOG_COMPILER_GENERATE_SWIFT_ASSET_SYMBOL_EXTENSIONS = YES;
				CLANG_ANALYZER_NONNULL = YES;
				CLANG_ANALYZER_NUMBER_OBJECT_CONVERSION = YES_AGGRESSIVE;
				CLANG_CXX_LANGUAGE_STANDARD = "gnu++20";
				CLANG_ENABLE_MODULES = YES;
				CLANG_ENABLE_OBJC_ARC = YES;
				CLANG_ENABLE_OBJC_WEAK = YES;
				CLANG_WARN_BLOCK_CAPTURE_AUTORELEASING = YES;
				CLANG_WARN_BOOL_CONVERSION = YES;
				CLANG_WARN_COMMA = YES;
				CLANG_WARN_CONSTANT_CONVERSION = YES;
				CLANG_WARN_DEPRECATED_OBJC_IMPLEMENTATIONS = YES;
				CLANG_WARN_DIRECT_OBJC_ISA_USAGE = YES_ERROR;
				CLANG_WARN_DOCUMENTATION_COMMENTS = YES;
				CLANG_WARN_EMPTY_BODY = YES;
				CLANG_WARN_ENUM_CONVERSION = YES;
				CLANG_WARN_INFINITE_RECURSION = YES;
				CLANG_WARN_INT_CONVERSION = YES;
				CLANG_WARN_NON_LITERAL_NULL_CONVERSION = YES;
				CLANG_WARN_OBJC_IMPLICIT_RETAIN_SELF = YES;
				CLANG_WARN_OBJC_LITERAL_CONVERSION = YES;
				CLANG_WARN_OBJC_ROOT_CLASS = YES_ERROR;
				CLANG_WARN_QUOTED_INCLUDE_IN_FRAMEWORK_HEADER = YES;
				CLANG_WARN_RANGE_LOOP_ANALYSIS = YES;
				CLANG_WARN_STRICT_PROTOTYPES = YES;
				CLANG_WARN_SUSPICIOUS_MOVE = YES;
				CLANG_WARN_UNGUARDED_AVAILABILITY = YES_AGGRESSIVE;
				CLANG_WARN_UNREACHABLE_CODE = YES;
				CLANG_WARN__DUPLICATE_METHOD_MATCH = YES;
				COPY_PHASE_STRIP = NO;
				DEBUG_INFORMATION_FORMAT = "dwarf-with-dsym";
				ENABLE_NS_ASSERTIONS = NO;
				ENABLE_STRICT_OBJC_MSGSEND = YES;
				ENABLE_USER_SCRIPT_SANDBOXING = YES;
				GCC_C_LANGUAGE_STANDARD = gnu17;
				GCC_NO_COMMON_BLOCKS = YES;
				GCC_WARN_64_TO_32_BIT_CONVERSION = YES;
				GCC_WARN_ABOUT_RETURN_TYPE = YES_ERROR;
				GCC_WARN_UNDECLARED_SELECTOR = YES;
				GCC_WARN_UNINITIALIZED_AUTOS = YES_AGGRESSIVE;
				GCC_WARN_UNUSED_FUNCTION = YES;
				GCC_WARN_UNUSED_VARIABLE = YES;
				IPHONEOS_DEPLOYMENT_TARGET = 18.2;
				LOCALIZATION_PREFERS_STRING_CATALOGS = YES;
				MTL_ENABLE_DEBUG_INFO = NO;
				MTL_FAST_MATH = YES;
				SDKROOT = iphoneos;
				SWIFT_COMPILATION_MODE = wholemodule;
				VALIDATE_PRODUCT = YES;
			};
			name = Release;
		};
		D691CBE22D72F7230042249E /* Debug */ = {
			isa = XCBuildConfiguration;
			buildSettings = {
				BUNDLE_LOADER = "$(TEST_HOST)";
				CODE_SIGN_STYLE = Automatic;
				CURRENT_PROJECT_VERSION = 1;
				DEVELOPMENT_TEAM = LP4RK49QLK;
				GENERATE_INFOPLIST_FILE = YES;
				IPHONEOS_DEPLOYMENT_TARGET = 18.2;
				MARKETING_VERSION = 1.0;
				PRODUCT_BUNDLE_IDENTIFIER = yashkatyan.BurnoutTrackerTests;
				PRODUCT_NAME = "$(TARGET_NAME)";
				SWIFT_EMIT_LOC_STRINGS = NO;
				SWIFT_VERSION = 5.0;
				TARGETED_DEVICE_FAMILY = "1,2";
				TEST_HOST = "$(BUILT_PRODUCTS_DIR)/BurnoutTracker.app/$(BUNDLE_EXECUTABLE_FOLDER_PATH)/BurnoutTracker";
			};
			name = Debug;
		};
		D691CBE32D72F7230042249E /* Release */ = {
			isa = XCBuildConfiguration;
			buildSettings = {
				BUNDLE_LOADER = "$(TEST_HOST)";
				CODE_SIGN_STYLE = Automatic;
				CURRENT_PROJECT_VERSION = 1;
				DEVELOPMENT_TEAM = LP4RK49QLK;
				GENERATE_INFOPLIST_FILE = YES;
				IPHONEOS_DEPLOYMENT_TARGET = 18.2;
				MARKETING_VERSION = 1.0;
				PRODUCT_BUNDLE_IDENTIFIER = yashkatyan.BurnoutTrackerTests;
				PRODUCT_NAME = "$(TARGET_NAME)";
				SWIFT_EMIT_LOC_STRINGS = NO;
				SWIFT_VERSION = 5.0;
				TARGETED_DEVICE_FAMILY = "1,2";
				TEST_HOST = "$(BUILT_PRODUCTS_DIR)/BurnoutTracker.app/$(BUNDLE_EXECUTABLE_FOLDER_PATH)/BurnoutTracker";
			};
			name = Release;
		};
		D691CBE52D72F7230042249E /* Debug */ = {
			isa = XCBuildConfiguration;
			buildSettings = {
				CODE_SIGN_STYLE = Automatic;
				CURRENT_PROJECT_VERSION = 1;
				DEVELOPMENT_TEAM = LP4RK49QLK;
				GENERATE_INFOPLIST_FILE = YES;
				MARKETING_VERSION = 1.0;
				PRODUCT_BUNDLE_IDENTIFIER = yashkatyan.BurnoutTrackerUITests;
				PRODUCT_NAME = "$(TARGET_NAME)";
				SWIFT_EMIT_LOC_STRINGS = NO;
				SWIFT_VERSION = 5.0;
				TARGETED_DEVICE_FAMILY = "1,2";
				TEST_TARGET_NAME = BurnoutTracker;
			};
			name = Debug;
		};
		D691CBE62D72F7230042249E /* Release */ = {
			isa = XCBuildConfiguration;
			buildSettings = {
				CODE_SIGN_STYLE = Automatic;
				CURRENT_PROJECT_VERSION = 1;
				DEVELOPMENT_TEAM = LP4RK49QLK;
				GENERATE_INFOPLIST_FILE = YES;
				MARKETING_VERSION = 1.0;
				PRODUCT_BUNDLE_IDENTIFIER = yashkatyan.BurnoutTrackerUITests;
				PRODUCT_NAME = "$(TARGET_NAME)";
				SWIFT_EMIT_LOC_STRINGS = NO;
				SWIFT_VERSION = 5.0;
				TARGETED_DEVICE_FAMILY = "1,2";
				TEST_TARGET_NAME = BurnoutTracker;
			};
			name = Release;
		};
/* End XCBuildConfiguration section */

/* Begin XCConfigurationList section */
		D691CBB02D72F7200042249E /* Build configuration list for PBXProject "BurnoutTracker" */ = {
			isa = XCConfigurationList;
			buildConfigurations = (
				D691CBDF2D72F7230042249E /* Debug */,
				D691CBE02D72F7230042249E /* Release */,
			);
			defaultConfigurationIsVisible = 0;
			defaultConfigurationName = Release;
		};
		D691CBDC2D72F7230042249E /* Build configuration list for PBXNativeTarget "BurnoutTracker" */ = {
			isa = XCConfigurationList;
			buildConfigurations = (
				D691CBDD2D72F7230042249E /* Debug */,
				D691CBDE2D72F7230042249E /* Release */,
			);
			defaultConfigurationIsVisible = 0;
			defaultConfigurationName = Release;
		};
		D691CBE12D72F7230042249E /* Build configuration list for PBXNativeTarget "BurnoutTrackerTests" */ = {
			isa = XCConfigurationList;
			buildConfigurations = (
				D691CBE22D72F7230042249E /* Debug */,
				D691CBE32D72F7230042249E /* Release */,
			);
			defaultConfigurationIsVisible = 0;
			defaultConfigurationName = Release;
		};
		D691CBE42D72F7230042249E /* Build configuration list for PBXNativeTarget "BurnoutTrackerUITests" */ = {
			isa = XCConfigurationList;
			buildConfigurations = (
				D691CBE52D72F7230042249E /* Debug */,
				D691CBE62D72F7230042249E /* Release */,
			);
			defaultConfigurationIsVisible = 0;
			defaultConfigurationName = Release;
		};
/* End XCConfigurationList section */

/* Begin XCRemoteSwiftPackageReference section */
		D6B935B72D77694F00CC86CA /* XCRemoteSwiftPackageReference "firebase-ios-sdk" */ = {
			isa = XCRemoteSwiftPackageReference;
			repositoryURL = "https://github.com/firebase/firebase-ios-sdk";
			requirement = {
				kind = upToNextMajorVersion;
				minimumVersion = 11.9.0;
			};
		};
		D6B935E82D7769F600CC86CA /* XCRemoteSwiftPackageReference "GoogleSignIn-iOS" */ = {
			isa = XCRemoteSwiftPackageReference;
			repositoryURL = "https://github.com/google/GoogleSignIn-iOS";
			requirement = {
				kind = upToNextMajorVersion;
				minimumVersion = 8.0.0;
			};
		};
/* End XCRemoteSwiftPackageReference section */

/* Begin XCSwiftPackageProductDependency section */
		D6B935B82D77694F00CC86CA /* FirebaseAnalytics */ = {
			isa = XCSwiftPackageProductDependency;
			package = D6B935B72D77694F00CC86CA /* XCRemoteSwiftPackageReference "firebase-ios-sdk" */;
			productName = FirebaseAnalytics;
		};
		D6B935BA2D77694F00CC86CA /* FirebaseAnalyticsOnDeviceConversion */ = {
			isa = XCSwiftPackageProductDependency;
			package = D6B935B72D77694F00CC86CA /* XCRemoteSwiftPackageReference "firebase-ios-sdk" */;
			productName = FirebaseAnalyticsOnDeviceConversion;
		};
		D6B935BC2D77694F00CC86CA /* FirebaseAnalyticsWithoutAdIdSupport */ = {
			isa = XCSwiftPackageProductDependency;
			package = D6B935B72D77694F00CC86CA /* XCRemoteSwiftPackageReference "firebase-ios-sdk" */;
			productName = FirebaseAnalyticsWithoutAdIdSupport;
		};
		D6B935BE2D77694F00CC86CA /* FirebaseAppCheck */ = {
			isa = XCSwiftPackageProductDependency;
			package = D6B935B72D77694F00CC86CA /* XCRemoteSwiftPackageReference "firebase-ios-sdk" */;
			productName = FirebaseAppCheck;
		};
		D6B935C02D77694F00CC86CA /* FirebaseAppDistribution-Beta */ = {
			isa = XCSwiftPackageProductDependency;
			package = D6B935B72D77694F00CC86CA /* XCRemoteSwiftPackageReference "firebase-ios-sdk" */;
			productName = "FirebaseAppDistribution-Beta";
		};
		D6B935C22D77694F00CC86CA /* FirebaseAuth */ = {
			isa = XCSwiftPackageProductDependency;
			package = D6B935B72D77694F00CC86CA /* XCRemoteSwiftPackageReference "firebase-ios-sdk" */;
			productName = FirebaseAuth;
		};
		D6B935C42D77694F00CC86CA /* FirebaseAuthCombine-Community */ = {
			isa = XCSwiftPackageProductDependency;
			package = D6B935B72D77694F00CC86CA /* XCRemoteSwiftPackageReference "firebase-ios-sdk" */;
			productName = "FirebaseAuthCombine-Community";
		};
		D6B935C62D77694F00CC86CA /* FirebaseCore */ = {
			isa = XCSwiftPackageProductDependency;
			package = D6B935B72D77694F00CC86CA /* XCRemoteSwiftPackageReference "firebase-ios-sdk" */;
			productName = FirebaseCore;
		};
		D6B935C82D77694F00CC86CA /* FirebaseCrashlytics */ = {
			isa = XCSwiftPackageProductDependency;
			package = D6B935B72D77694F00CC86CA /* XCRemoteSwiftPackageReference "firebase-ios-sdk" */;
			productName = FirebaseCrashlytics;
		};
		D6B935CA2D77694F00CC86CA /* FirebaseDatabase */ = {
			isa = XCSwiftPackageProductDependency;
			package = D6B935B72D77694F00CC86CA /* XCRemoteSwiftPackageReference "firebase-ios-sdk" */;
			productName = FirebaseDatabase;
		};
		D6B935CC2D77694F00CC86CA /* FirebaseDynamicLinks */ = {
			isa = XCSwiftPackageProductDependency;
			package = D6B935B72D77694F00CC86CA /* XCRemoteSwiftPackageReference "firebase-ios-sdk" */;
			productName = FirebaseDynamicLinks;
		};
		D6B935CE2D77694F00CC86CA /* FirebaseFirestore */ = {
			isa = XCSwiftPackageProductDependency;
			package = D6B935B72D77694F00CC86CA /* XCRemoteSwiftPackageReference "firebase-ios-sdk" */;
			productName = FirebaseFirestore;
		};
		D6B935D02D77694F00CC86CA /* FirebaseFirestoreCombine-Community */ = {
			isa = XCSwiftPackageProductDependency;
			package = D6B935B72D77694F00CC86CA /* XCRemoteSwiftPackageReference "firebase-ios-sdk" */;
			productName = "FirebaseFirestoreCombine-Community";
		};
		D6B935D22D77694F00CC86CA /* FirebaseFunctions */ = {
			isa = XCSwiftPackageProductDependency;
			package = D6B935B72D77694F00CC86CA /* XCRemoteSwiftPackageReference "firebase-ios-sdk" */;
			productName = FirebaseFunctions;
		};
		D6B935D42D77694F00CC86CA /* FirebaseFunctionsCombine-Community */ = {
			isa = XCSwiftPackageProductDependency;
			package = D6B935B72D77694F00CC86CA /* XCRemoteSwiftPackageReference "firebase-ios-sdk" */;
			productName = "FirebaseFunctionsCombine-Community";
		};
		D6B935D62D77694F00CC86CA /* FirebaseInAppMessaging-Beta */ = {
			isa = XCSwiftPackageProductDependency;
			package = D6B935B72D77694F00CC86CA /* XCRemoteSwiftPackageReference "firebase-ios-sdk" */;
			productName = "FirebaseInAppMessaging-Beta";
		};
		D6B935D82D77694F00CC86CA /* FirebaseInstallations */ = {
			isa = XCSwiftPackageProductDependency;
			package = D6B935B72D77694F00CC86CA /* XCRemoteSwiftPackageReference "firebase-ios-sdk" */;
			productName = FirebaseInstallations;
		};
		D6B935DA2D77694F00CC86CA /* FirebaseMLModelDownloader */ = {
			isa = XCSwiftPackageProductDependency;
			package = D6B935B72D77694F00CC86CA /* XCRemoteSwiftPackageReference "firebase-ios-sdk" */;
			productName = FirebaseMLModelDownloader;
		};
		D6B935DC2D77694F00CC86CA /* FirebaseMessaging */ = {
			isa = XCSwiftPackageProductDependency;
			package = D6B935B72D77694F00CC86CA /* XCRemoteSwiftPackageReference "firebase-ios-sdk" */;
			productName = FirebaseMessaging;
		};
		D6B935DE2D77694F00CC86CA /* FirebasePerformance */ = {
			isa = XCSwiftPackageProductDependency;
			package = D6B935B72D77694F00CC86CA /* XCRemoteSwiftPackageReference "firebase-ios-sdk" */;
			productName = FirebasePerformance;
		};
		D6B935E02D77694F00CC86CA /* FirebaseRemoteConfig */ = {
			isa = XCSwiftPackageProductDependency;
			package = D6B935B72D77694F00CC86CA /* XCRemoteSwiftPackageReference "firebase-ios-sdk" */;
			productName = FirebaseRemoteConfig;
		};
		D6B935E22D77694F00CC86CA /* FirebaseStorage */ = {
			isa = XCSwiftPackageProductDependency;
			package = D6B935B72D77694F00CC86CA /* XCRemoteSwiftPackageReference "firebase-ios-sdk" */;
			productName = FirebaseStorage;
		};
		D6B935E42D77694F00CC86CA /* FirebaseStorageCombine-Community */ = {
			isa = XCSwiftPackageProductDependency;
			package = D6B935B72D77694F00CC86CA /* XCRemoteSwiftPackageReference "firebase-ios-sdk" */;
			productName = "FirebaseStorageCombine-Community";
		};
		D6B935E62D77694F00CC86CA /* FirebaseVertexAI */ = {
			isa = XCSwiftPackageProductDependency;
			package = D6B935B72D77694F00CC86CA /* XCRemoteSwiftPackageReference "firebase-ios-sdk" */;
			productName = FirebaseVertexAI;
		};
		D6B935E92D7769F600CC86CA /* GoogleSignIn */ = {
			isa = XCSwiftPackageProductDependency;
			package = D6B935E82D7769F600CC86CA /* XCRemoteSwiftPackageReference "GoogleSignIn-iOS" */;
			productName = GoogleSignIn;
		};
		D6B935EB2D7769F600CC86CA /* GoogleSignInSwift */ = {
			isa = XCSwiftPackageProductDependency;
			package = D6B935E82D7769F600CC86CA /* XCRemoteSwiftPackageReference "GoogleSignIn-iOS" */;
			productName = GoogleSignInSwift;
		};
/* End XCSwiftPackageProductDependency section */
	};
	rootObject = D691CBAD2D72F7200042249E /* Project object */;
}
